
Microsoft Visual Studio Solution File, Format Version 12.00
# Visual Studio Version 17
VisualStudioVersion = 17.5.33424.131
MinimumVisualStudioVersion = 10.0.40219.1
Project("{FAE04EC0-301F-11D3-BF4B-00C04F79EFBC}") = "StoryAPI", "StoryAPI\StoryAPI.csproj", "{124E8868-4B41-40BB-8F77-5C20FBAD3BB3}"
EndProject
Global
	GlobalSection(SolutionConfigurationPlatforms) = preSolution
		Debug|Any CPU = Debug|Any CPU
		Release|Any CPU = Release|Any CPU
	EndGlobalSection
	GlobalSection(ProjectConfigurationPlatforms) = postSolution
		{124E8868-4B41-40BB-8F77-5C20FBAD3BB3}.Debug|Any CPU.ActiveCfg = Debug|Any CPU
		{124E8868-4B41-40BB-8F77-5C20FBAD3BB3}.Debug|Any CPU.Build.0 = Debug|Any CPU
		{124E8868-4B41-40BB-8F77-5C20FBAD3BB3}.Release|Any CPU.ActiveCfg = Release|Any CPU
		{124E8868-4B41-40BB-8F77-5C20FBAD3BB3}.Release|Any CPU.Build.0 = Release|Any CPU
	EndGlobalSection
	GlobalSection(SolutionProperties) = preSolution
		HideSolutionNode = FALSE
	EndGlobalSection
	GlobalSection(ExtensibilityGlobals) = postSolution
		SolutionGuid = {C5F12D75-4C9F-495A-A797-89F3494EE56C}
	EndGlobalSection
EndGlobal
